# This file is autogenerated, do not edit; changes may be undone by the next 'dep ensure'.


[[projects]]
  digest = "1:496e620f54c5204133a0e4229d703b37b2c8ffbc82368c530539475c350f08ad"
  name = "github.com/gempir/go-twitch-irc"
  packages = ["."]
  pruneopts = "UT"
  revision = "bf886a861b645c45afddb889e13362b3737455f9"
  version = "2.1.0"

[[projects]]
  digest = "1:4d2e5a73dc1500038e504a8d78b986630e3626dc027bc030ba5c75da257cdb96"
  name = "github.com/go-yaml/yaml"
  packages = ["."]
  pruneopts = "UT"
  revision = "51d6538a90f86fe93ac480b35f37b2be17fef232"
  version = "v2.2.2"

[solve-meta]
  analyzer-name = "dep"
  analyzer-version = 1
  input-imports = [
    "github.com/gempir/go-twitch-irc",
    "github.com/go-yaml/yaml",
  ]
  solver-name = "gps-cdcl"
  solver-version = 1
